<?xml version="1.0" encoding="utf-8"?>
<Project ToolsVersion="4.0" xmlns="http://schemas.microsoft.com/developer/msbuild/2003">
  <ItemGroup>
    <ClCompile Include="COP3530 Project3.cpp" />
    <ClCompile Include="mbg\ReviewList.cpp" />
  </ItemGroup>
  <ItemGroup>
    <ClInclude Include="indicators\block_progress_bar.hpp" />
    <ClInclude Include="indicators\cursor_control.hpp" />
    <ClInclude Include="mbg\ReviewList.h" />
  </ItemGroup>
</Project>